
Microsoft Visual Studio Solution File, Format Version 12.00
# Visual Studio 2017
Project("{FAE04EC0-301F-11D3-BF4B-00C04F79EFBC}") = "BigNose", "BigNose.csproj", "{566FB9BE-C9A2-840C-536B-98098351D845}"
EndProject
Project("{FAE04EC0-301F-11D3-BF4B-00C04F79EFBC}") = "BigNose.Plugins", "BigNose.Plugins.csproj", "{F04C4429-084C-DC53-9E91-BF7A8743D66F}"
EndProject
Project("{FAE04EC0-301F-11D3-BF4B-00C04F79EFBC}") = "BigNose.Editor.Plugins", "BigNose.Editor.Plugins.csproj", "{1D0AA704-E580-CFAB-4C64-3E5AAF158263}"
EndProject
Global
	GlobalSection(SolutionConfigurationPlatforms) = preSolution
		Debug|Any CPU = Debug|Any CPU
		Release|Any CPU = Release|Any CPU
	EndGlobalSection
	GlobalSection(ProjectConfigurationPlatforms) = postSolution
		{566FB9BE-C9A2-840C-536B-98098351D845}.Debug|Any CPU.ActiveCfg = Debug|Any CPU
		{566FB9BE-C9A2-840C-536B-98098351D845}.Debug|Any CPU.Build.0 = Debug|Any CPU
		{566FB9BE-C9A2-840C-536B-98098351D845}.Release|Any CPU.ActiveCfg = Release|Any CPU
		{566FB9BE-C9A2-840C-536B-98098351D845}.Release|Any CPU.Build.0 = Release|Any CPU
		{F04C4429-084C-DC53-9E91-BF7A8743D66F}.Debug|Any CPU.ActiveCfg = Debug|Any CPU
		{F04C4429-084C-DC53-9E91-BF7A8743D66F}.Debug|Any CPU.Build.0 = Debug|Any CPU
		{F04C4429-084C-DC53-9E91-BF7A8743D66F}.Release|Any CPU.ActiveCfg = Release|Any CPU
		{F04C4429-084C-DC53-9E91-BF7A8743D66F}.Release|Any CPU.Build.0 = Release|Any CPU
		{1D0AA704-E580-CFAB-4C64-3E5AAF158263}.Debug|Any CPU.ActiveCfg = Debug|Any CPU
		{1D0AA704-E580-CFAB-4C64-3E5AAF158263}.Debug|Any CPU.Build.0 = Debug|Any CPU
		{1D0AA704-E580-CFAB-4C64-3E5AAF158263}.Release|Any CPU.ActiveCfg = Release|Any CPU
		{1D0AA704-E580-CFAB-4C64-3E5AAF158263}.Release|Any CPU.Build.0 = Release|Any CPU
	EndGlobalSection
	GlobalSection(SolutionProperties) = preSolution
		HideSolutionNode = FALSE
	EndGlobalSection
EndGlobal
