
Microsoft Visual Studio Solution File, Format Version 12.00
# Visual Studio 2015
Project("{FAE04EC0-301F-11D3-BF4B-00C04F79EFBC}") = "BigNose.CSharp.Plugins", "BigNose.CSharp.Plugins.csproj", "{8EC7E68E-2A5D-DD55-9B76-5B9F586592ED}"
EndProject
Project("{FAE04EC0-301F-11D3-BF4B-00C04F79EFBC}") = "BigNose.CSharp", "BigNose.CSharp.csproj", "{5A93C065-DB77-3391-EF66-86D95DEF74EE}"
EndProject
Project("{FAE04EC0-301F-11D3-BF4B-00C04F79EFBC}") = "BigNose.CSharp.Editor.Plugins", "BigNose.CSharp.Editor.Plugins.csproj", "{8D060C45-7DEA-EF79-9F28-D690FC862892}"
EndProject
Global
	GlobalSection(SolutionConfigurationPlatforms) = preSolution
		Debug|Any CPU = Debug|Any CPU
		Release|Any CPU = Release|Any CPU
	EndGlobalSection
	GlobalSection(ProjectConfigurationPlatforms) = postSolution
		{8EC7E68E-2A5D-DD55-9B76-5B9F586592ED}.Debug|Any CPU.ActiveCfg = Debug|Any CPU
		{8EC7E68E-2A5D-DD55-9B76-5B9F586592ED}.Debug|Any CPU.Build.0 = Debug|Any CPU
		{8EC7E68E-2A5D-DD55-9B76-5B9F586592ED}.Release|Any CPU.ActiveCfg = Release|Any CPU
		{8EC7E68E-2A5D-DD55-9B76-5B9F586592ED}.Release|Any CPU.Build.0 = Release|Any CPU
		{5A93C065-DB77-3391-EF66-86D95DEF74EE}.Debug|Any CPU.ActiveCfg = Debug|Any CPU
		{5A93C065-DB77-3391-EF66-86D95DEF74EE}.Debug|Any CPU.Build.0 = Debug|Any CPU
		{5A93C065-DB77-3391-EF66-86D95DEF74EE}.Release|Any CPU.ActiveCfg = Release|Any CPU
		{5A93C065-DB77-3391-EF66-86D95DEF74EE}.Release|Any CPU.Build.0 = Release|Any CPU
		{8D060C45-7DEA-EF79-9F28-D690FC862892}.Debug|Any CPU.ActiveCfg = Debug|Any CPU
		{8D060C45-7DEA-EF79-9F28-D690FC862892}.Debug|Any CPU.Build.0 = Debug|Any CPU
		{8D060C45-7DEA-EF79-9F28-D690FC862892}.Release|Any CPU.ActiveCfg = Release|Any CPU
		{8D060C45-7DEA-EF79-9F28-D690FC862892}.Release|Any CPU.Build.0 = Release|Any CPU
	EndGlobalSection
	GlobalSection(SolutionProperties) = preSolution
		HideSolutionNode = FALSE
	EndGlobalSection
EndGlobal
